
Microsoft Visual Studio Solution File, Format Version 12.00
# Visual Studio Version 16
VisualStudioVersion = 16.0.30114.105
MinimumVisualStudioVersion = 10.0.40219.1
Project("{FAE04EC0-301F-11D3-BF4B-00C04F79EFBC}") = "Project2", "Project2\Project2.csproj", "{34132621-1886-4788-8348-34C78CFFC3BA}"
EndProject
Project("{FAE04EC0-301F-11D3-BF4B-00C04F79EFBC}") = "DocumentBuilderLibrary", "DocumentBuilderLibrary\DocumentBuilderLibrary.csproj", "{C695635D-FE7A-4548-AD0E-4A6C69F74835}"
EndProject
Global
	GlobalSection(SolutionConfigurationPlatforms) = preSolution
		Debug|Any CPU = Debug|Any CPU
		Release|Any CPU = Release|Any CPU
	EndGlobalSection
	GlobalSection(ProjectConfigurationPlatforms) = postSolution
		{34132621-1886-4788-8348-34C78CFFC3BA}.Debug|Any CPU.ActiveCfg = Debug|Any CPU
		{34132621-1886-4788-8348-34C78CFFC3BA}.Debug|Any CPU.Build.0 = Debug|Any CPU
		{34132621-1886-4788-8348-34C78CFFC3BA}.Release|Any CPU.ActiveCfg = Release|Any CPU
		{34132621-1886-4788-8348-34C78CFFC3BA}.Release|Any CPU.Build.0 = Release|Any CPU
		{C695635D-FE7A-4548-AD0E-4A6C69F74835}.Debug|Any CPU.ActiveCfg = Debug|Any CPU
		{C695635D-FE7A-4548-AD0E-4A6C69F74835}.Debug|Any CPU.Build.0 = Debug|Any CPU
		{C695635D-FE7A-4548-AD0E-4A6C69F74835}.Release|Any CPU.ActiveCfg = Release|Any CPU
		{C695635D-FE7A-4548-AD0E-4A6C69F74835}.Release|Any CPU.Build.0 = Release|Any CPU
	EndGlobalSection
	GlobalSection(SolutionProperties) = preSolution
		HideSolutionNode = FALSE
	EndGlobalSection
	GlobalSection(ExtensibilityGlobals) = postSolution
		SolutionGuid = {64684431-3926-49E1-B354-C495BFB3CEBA}
	EndGlobalSection
EndGlobal
